
Microsoft Visual Studio Solution File, Format Version 12.00
# Visual Studio Version 17
VisualStudioVersion = 17.7.34031.279
MinimumVisualStudioVersion = 10.0.40219.1
Project("{FAE04EC0-301F-11D3-BF4B-00C04F79EFBC}") = "Ejercicios3", "Ejercicios3.csproj", "{497F006D-E589-49E6-9AE5-648AF6863F3B}"
EndProject
Global
	GlobalSection(SolutionConfigurationPlatforms) = preSolution
		Debug|Any CPU = Debug|Any CPU
		Release|Any CPU = Release|Any CPU
	EndGlobalSection
	GlobalSection(ProjectConfigurationPlatforms) = postSolution
		{497F006D-E589-49E6-9AE5-648AF6863F3B}.Debug|Any CPU.ActiveCfg = Debug|Any CPU
		{497F006D-E589-49E6-9AE5-648AF6863F3B}.Debug|Any CPU.Build.0 = Debug|Any CPU
		{497F006D-E589-49E6-9AE5-648AF6863F3B}.Release|Any CPU.ActiveCfg = Release|Any CPU
		{497F006D-E589-49E6-9AE5-648AF6863F3B}.Release|Any CPU.Build.0 = Release|Any CPU
	EndGlobalSection
	GlobalSection(SolutionProperties) = preSolution
		HideSolutionNode = FALSE
	EndGlobalSection
	GlobalSection(ExtensibilityGlobals) = postSolution
		SolutionGuid = {6F3144CF-0976-4CF2-AAE8-2F062E5F763F}
	EndGlobalSection
EndGlobal
