
Microsoft Visual Studio Solution File, Format Version 12.00
# Visual Studio Version 17
VisualStudioVersion = 17.7.34031.279
MinimumVisualStudioVersion = 10.0.40219.1
Project("{FAE04EC0-301F-11D3-BF4B-00C04F79EFBC}") = "MDIwindowsForm", "MDIwindowsForm.csproj", "{055ACD18-62A7-4537-BAF9-36BE9385B2F8}"
EndProject
Global
	GlobalSection(SolutionConfigurationPlatforms) = preSolution
		Debug|Any CPU = Debug|Any CPU
		Release|Any CPU = Release|Any CPU
	EndGlobalSection
	GlobalSection(ProjectConfigurationPlatforms) = postSolution
		{055ACD18-62A7-4537-BAF9-36BE9385B2F8}.Debug|Any CPU.ActiveCfg = Debug|Any CPU
		{055ACD18-62A7-4537-BAF9-36BE9385B2F8}.Debug|Any CPU.Build.0 = Debug|Any CPU
		{055ACD18-62A7-4537-BAF9-36BE9385B2F8}.Release|Any CPU.ActiveCfg = Release|Any CPU
		{055ACD18-62A7-4537-BAF9-36BE9385B2F8}.Release|Any CPU.Build.0 = Release|Any CPU
	EndGlobalSection
	GlobalSection(SolutionProperties) = preSolution
		HideSolutionNode = FALSE
	EndGlobalSection
	GlobalSection(ExtensibilityGlobals) = postSolution
		SolutionGuid = {413DE5A5-AC29-4831-A0F0-53C81491365C}
	EndGlobalSection
EndGlobal
